
Microsoft Visual Studio Solution File, Format Version 12.00
# Visual Studio Version 17
VisualStudioVersion = 17.14.36518.9 d17.14
MinimumVisualStudioVersion = 10.0.40219.1
Project("{FAE04EC0-301F-11D3-BF4B-00C04F79EFBC}") = "PRAC4", "PRAC4\PRAC4.csproj", "{7815D2E9-F18E-48FF-B066-02BC5911622B}"
EndProject
Global
	GlobalSection(SolutionConfigurationPlatforms) = preSolution
		Debug|Any CPU = Debug|Any CPU
		Release|Any CPU = Release|Any CPU
	EndGlobalSection
	GlobalSection(ProjectConfigurationPlatforms) = postSolution
		{7815D2E9-F18E-48FF-B066-02BC5911622B}.Debug|Any CPU.ActiveCfg = Debug|Any CPU
		{7815D2E9-F18E-48FF-B066-02BC5911622B}.Debug|Any CPU.Build.0 = Debug|Any CPU
		{7815D2E9-F18E-48FF-B066-02BC5911622B}.Release|Any CPU.ActiveCfg = Release|Any CPU
		{7815D2E9-F18E-48FF-B066-02BC5911622B}.Release|Any CPU.Build.0 = Release|Any CPU
	EndGlobalSection
	GlobalSection(SolutionProperties) = preSolution
		HideSolutionNode = FALSE
	EndGlobalSection
	GlobalSection(ExtensibilityGlobals) = postSolution
		SolutionGuid = {7150F482-1F3A-4876-A6D0-B8484CE01D8F}
	EndGlobalSection
EndGlobal
